<?xml version="1.0" encoding="utf-8"?>
<Project ToolsVersion="4.0" xmlns="http://schemas.microsoft.com/developer/msbuild/2003">
  <ItemGroup>
    <Filter Include="Source Files">
      <UniqueIdentifier>{4FC737F1-C7A5-4376-A066-2A32D752A2FF}</UniqueIdentifier>
      <Extensions>cpp;c;cc;cxx;def;odl;idl;hpj;bat;asm;asmx</Extensions>
    </Filter>
    <Filter Include="Header Files">
      <UniqueIdentifier>{93995380-89BD-4b04-88EB-625FBE52EBFB}</UniqueIdentifier>
      <Extensions>h;hpp;hxx;hm;inl;inc;xsd</Extensions>
    </Filter>
    <Filter Include="Resource Files">
      <UniqueIdentifier>{67DA6AB6-F800-4c08-8B7A-83BB121AAD01}</UniqueIdentifier>
      <Extensions>rc;ico;cur;bmp;dlg;rc2;rct;bin;rgs;gif;jpg;jpeg;jpe;resx;tiff;tif;png;wav;mfcribbon-ms</Extensions>
    </Filter>
    <Filter Include="Header Files\libavcodec">
      <UniqueIdentifier>{36ab9426-b2a7-47b3-956f-298e99460f53}</UniqueIdentifier>
    </Filter>
    <Filter Include="Header Files\libavformat">
      <UniqueIdentifier>{93250a21-eb8f-422a-b1de-a993d6374e72}</UniqueIdentifier>
    </Filter>
    <Filter Include="Header Files\libavutil">
      <UniqueIdentifier>{b151917d-9e38-4537-93d8-8279fb74e00b}</UniqueIdentifier>
    </Filter>
  </ItemGroup>
  <ItemGroup>
    <None Include="ReadMe.txt" />
    <None Include="app.ico">
      <Filter>Resource Files</Filter>
    </None>
  </ItemGroup>
  <ItemGroup>
    <ClCompile Include="VideoAnalyzer.cpp">
      <Filter>Source Files</Filter>
    </ClCompile>
    <ClCompile Include="AssemblyInfo.cpp">
      <Filter>Source Files</Filter>
    </ClCompile>
    <ClCompile Include="stdafx.cpp">
      <Filter>Source Files</Filter>
    </ClCompile>
    <ClCompile Include="src\gui_functions.cpp">
      <Filter>Source Files</Filter>
    </ClCompile>
  </ItemGroup>
  <ItemGroup>
    <ClInclude Include="Form1.h">
      <Filter>Header Files</Filter>
    </ClInclude>
    <ClInclude Include="stdafx.h">
      <Filter>Header Files</Filter>
    </ClInclude>
    <ClInclude Include="resource.h">
      <Filter>Header Files</Filter>
    </ClInclude>
    <ClInclude Include="include\libavcodec\ac3_parser.h">
      <Filter>Header Files\libavcodec</Filter>
    </ClInclude>
    <ClInclude Include="include\libavcodec\adts_parser.h">
      <Filter>Header Files\libavcodec</Filter>
    </ClInclude>
    <ClInclude Include="include\libavcodec\avcodec.h">
      <Filter>Header Files\libavcodec</Filter>
    </ClInclude>
    <ClInclude Include="include\libavcodec\avdct.h">
      <Filter>Header Files\libavcodec</Filter>
    </ClInclude>
    <ClInclude Include="include\libavcodec\avfft.h">
      <Filter>Header Files\libavcodec</Filter>
    </ClInclude>
    <ClInclude Include="include\libavcodec\d3d11va.h">
      <Filter>Header Files\libavcodec</Filter>
    </ClInclude>
    <ClInclude Include="include\libavcodec\dirac.h">
      <Filter>Header Files\libavcodec</Filter>
    </ClInclude>
    <ClInclude Include="include\libavcodec\dv_profile.h">
      <Filter>Header Files\libavcodec</Filter>
    </ClInclude>
    <ClInclude Include="include\libavcodec\dxva2.h">
      <Filter>Header Files\libavcodec</Filter>
    </ClInclude>
    <ClInclude Include="include\libavcodec\jni.h">
      <Filter>Header Files\libavcodec</Filter>
    </ClInclude>
    <ClInclude Include="include\libavcodec\mediacodec.h">
      <Filter>Header Files\libavcodec</Filter>
    </ClInclude>
    <ClInclude Include="include\libavcodec\qsv.h">
      <Filter>Header Files\libavcodec</Filter>
    </ClInclude>
    <ClInclude Include="include\libavcodec\vaapi.h">
      <Filter>Header Files\libavcodec</Filter>
    </ClInclude>
    <ClInclude Include="include\libavcodec\vdpau.h">
      <Filter>Header Files\libavcodec</Filter>
    </ClInclude>
    <ClInclude Include="include\libavcodec\version.h">
      <Filter>Header Files\libavcodec</Filter>
    </ClInclude>
    <ClInclude Include="include\libavcodec\videotoolbox.h">
      <Filter>Header Files\libavcodec</Filter>
    </ClInclude>
    <ClInclude Include="include\libavcodec\vorbis_parser.h">
      <Filter>Header Files\libavcodec</Filter>
    </ClInclude>
    <ClInclude Include="include\libavcodec\xvmc.h">
      <Filter>Header Files\libavcodec</Filter>
    </ClInclude>
    <ClInclude Include="include\libavformat\avformat.h">
      <Filter>Header Files\libavformat</Filter>
    </ClInclude>
    <ClInclude Include="include\libavformat\avio.h">
      <Filter>Header Files\libavformat</Filter>
    </ClInclude>
    <ClInclude Include="include\libavformat\version.h">
      <Filter>Header Files\libavformat</Filter>
    </ClInclude>
    <ClInclude Include="include\libavutil\adler32.h">
      <Filter>Header Files\libavutil</Filter>
    </ClInclude>
    <ClInclude Include="include\libavutil\aes.h">
      <Filter>Header Files\libavutil</Filter>
    </ClInclude>
    <ClInclude Include="include\libavutil\aes_ctr.h">
      <Filter>Header Files\libavutil</Filter>
    </ClInclude>
    <ClInclude Include="include\libavutil\attributes.h">
      <Filter>Header Files\libavutil</Filter>
    </ClInclude>
    <ClInclude Include="include\libavutil\audio_fifo.h">
      <Filter>Header Files\libavutil</Filter>
    </ClInclude>
    <ClInclude Include="include\libavutil\avassert.h">
      <Filter>Header Files\libavutil</Filter>
    </ClInclude>
    <ClInclude Include="include\libavutil\avconfig.h">
      <Filter>Header Files\libavutil</Filter>
    </ClInclude>
    <ClInclude Include="include\libavutil\avstring.h">
      <Filter>Header Files\libavutil</Filter>
    </ClInclude>
    <ClInclude Include="include\libavutil\avutil.h">
      <Filter>Header Files\libavutil</Filter>
    </ClInclude>
    <ClInclude Include="include\libavutil\base64.h">
      <Filter>Header Files\libavutil</Filter>
    </ClInclude>
    <ClInclude Include="include\libavutil\blowfish.h">
      <Filter>Header Files\libavutil</Filter>
    </ClInclude>
    <ClInclude Include="include\libavutil\bprint.h">
      <Filter>Header Files\libavutil</Filter>
    </ClInclude>
    <ClInclude Include="include\libavutil\bswap.h">
      <Filter>Header Files\libavutil</Filter>
    </ClInclude>
    <ClInclude Include="include\libavutil\buffer.h">
      <Filter>Header Files\libavutil</Filter>
    </ClInclude>
    <ClInclude Include="include\libavutil\camellia.h">
      <Filter>Header Files\libavutil</Filter>
    </ClInclude>
    <ClInclude Include="include\libavutil\cast5.h">
      <Filter>Header Files\libavutil</Filter>
    </ClInclude>
    <ClInclude Include="include\libavutil\channel_layout.h">
      <Filter>Header Files\libavutil</Filter>
    </ClInclude>
    <ClInclude Include="include\libavutil\common.h">
      <Filter>Header Files\libavutil</Filter>
    </ClInclude>
    <ClInclude Include="include\libavutil\cpu.h">
      <Filter>Header Files\libavutil</Filter>
    </ClInclude>
    <ClInclude Include="include\libavutil\crc.h">
      <Filter>Header Files\libavutil</Filter>
    </ClInclude>
    <ClInclude Include="include\libavutil\des.h">
      <Filter>Header Files\libavutil</Filter>
    </ClInclude>
    <ClInclude Include="include\libavutil\dict.h">
      <Filter>Header Files\libavutil</Filter>
    </ClInclude>
    <ClInclude Include="include\libavutil\display.h">
      <Filter>Header Files\libavutil</Filter>
    </ClInclude>
    <ClInclude Include="include\libavutil\downmix_info.h">
      <Filter>Header Files\libavutil</Filter>
    </ClInclude>
    <ClInclude Include="include\libavutil\encryption_info.h">
      <Filter>Header Files\libavutil</Filter>
    </ClInclude>
    <ClInclude Include="include\libavutil\error.h">
      <Filter>Header Files\libavutil</Filter>
    </ClInclude>
    <ClInclude Include="include\libavutil\eval.h">
      <Filter>Header Files\libavutil</Filter>
    </ClInclude>
    <ClInclude Include="include\libavutil\ffversion.h">
      <Filter>Header Files\libavutil</Filter>
    </ClInclude>
    <ClInclude Include="include\libavutil\fifo.h">
      <Filter>Header Files\libavutil</Filter>
    </ClInclude>
    <ClInclude Include="include\libavutil\file.h">
      <Filter>Header Files\libavutil</Filter>
    </ClInclude>
    <ClInclude Include="include\libavutil\frame.h">
      <Filter>Header Files\libavutil</Filter>
    </ClInclude>
    <ClInclude Include="include\libavutil\hash.h">
      <Filter>Header Files\libavutil</Filter>
    </ClInclude>
    <ClInclude Include="include\libavutil\hmac.h">
      <Filter>Header Files\libavutil</Filter>
    </ClInclude>
    <ClInclude Include="include\libavutil\hwcontext.h">
      <Filter>Header Files\libavutil</Filter>
    </ClInclude>
    <ClInclude Include="include\libavutil\hwcontext_cuda.h">
      <Filter>Header Files\libavutil</Filter>
    </ClInclude>
    <ClInclude Include="include\libavutil\hwcontext_d3d11va.h">
      <Filter>Header Files\libavutil</Filter>
    </ClInclude>
    <ClInclude Include="include\libavutil\hwcontext_drm.h">
      <Filter>Header Files\libavutil</Filter>
    </ClInclude>
    <ClInclude Include="include\libavutil\hwcontext_dxva2.h">
      <Filter>Header Files\libavutil</Filter>
    </ClInclude>
    <ClInclude Include="include\libavutil\hwcontext_mediacodec.h">
      <Filter>Header Files\libavutil</Filter>
    </ClInclude>
    <ClInclude Include="include\libavutil\hwcontext_qsv.h">
      <Filter>Header Files\libavutil</Filter>
    </ClInclude>
    <ClInclude Include="include\libavutil\hwcontext_vaapi.h">
      <Filter>Header Files\libavutil</Filter>
    </ClInclude>
    <ClInclude Include="include\libavutil\hwcontext_vdpau.h">
      <Filter>Header Files\libavutil</Filter>
    </ClInclude>
    <ClInclude Include="include\libavutil\hwcontext_videotoolbox.h">
      <Filter>Header Files\libavutil</Filter>
    </ClInclude>
    <ClInclude Include="include\libavutil\imgutils.h">
      <Filter>Header Files\libavutil</Filter>
    </ClInclude>
    <ClInclude Include="include\libavutil\intfloat.h">
      <Filter>Header Files\libavutil</Filter>
    </ClInclude>
    <ClInclude Include="include\libavutil\intreadwrite.h">
      <Filter>Header Files\libavutil</Filter>
    </ClInclude>
    <ClInclude Include="include\libavutil\lfg.h">
      <Filter>Header Files\libavutil</Filter>
    </ClInclude>
    <ClInclude Include="include\libavutil\log.h">
      <Filter>Header Files\libavutil</Filter>
    </ClInclude>
    <ClInclude Include="include\libavutil\lzo.h">
      <Filter>Header Files\libavutil</Filter>
    </ClInclude>
    <ClInclude Include="include\libavutil\macros.h">
      <Filter>Header Files\libavutil</Filter>
    </ClInclude>
    <ClInclude Include="include\libavutil\mastering_display_metadata.h">
      <Filter>Header Files\libavutil</Filter>
    </ClInclude>
    <ClInclude Include="include\libavutil\mathematics.h">
      <Filter>Header Files\libavutil</Filter>
    </ClInclude>
    <ClInclude Include="include\libavutil\md5.h">
      <Filter>Header Files\libavutil</Filter>
    </ClInclude>
    <ClInclude Include="include\libavutil\mem.h">
      <Filter>Header Files\libavutil</Filter>
    </ClInclude>
    <ClInclude Include="include\libavutil\motion_vector.h">
      <Filter>Header Files\libavutil</Filter>
    </ClInclude>
    <ClInclude Include="include\libavutil\murmur3.h">
      <Filter>Header Files\libavutil</Filter>
    </ClInclude>
    <ClInclude Include="include\libavutil\opt.h">
      <Filter>Header Files\libavutil</Filter>
    </ClInclude>
    <ClInclude Include="include\libavutil\parseutils.h">
      <Filter>Header Files\libavutil</Filter>
    </ClInclude>
    <ClInclude Include="include\libavutil\pixdesc.h">
      <Filter>Header Files\libavutil</Filter>
    </ClInclude>
    <ClInclude Include="include\libavutil\pixelutils.h">
      <Filter>Header Files\libavutil</Filter>
    </ClInclude>
    <ClInclude Include="include\libavutil\pixfmt.h">
      <Filter>Header Files\libavutil</Filter>
    </ClInclude>
    <ClInclude Include="include\libavutil\random_seed.h">
      <Filter>Header Files\libavutil</Filter>
    </ClInclude>
    <ClInclude Include="include\libavutil\rational.h">
      <Filter>Header Files\libavutil</Filter>
    </ClInclude>
    <ClInclude Include="include\libavutil\rc4.h">
      <Filter>Header Files\libavutil</Filter>
    </ClInclude>
    <ClInclude Include="include\libavutil\replaygain.h">
      <Filter>Header Files\libavutil</Filter>
    </ClInclude>
    <ClInclude Include="include\libavutil\ripemd.h">
      <Filter>Header Files\libavutil</Filter>
    </ClInclude>
    <ClInclude Include="include\libavutil\samplefmt.h">
      <Filter>Header Files\libavutil</Filter>
    </ClInclude>
    <ClInclude Include="include\libavutil\sha.h">
      <Filter>Header Files\libavutil</Filter>
    </ClInclude>
    <ClInclude Include="include\libavutil\sha512.h">
      <Filter>Header Files\libavutil</Filter>
    </ClInclude>
    <ClInclude Include="include\libavutil\spherical.h">
      <Filter>Header Files\libavutil</Filter>
    </ClInclude>
    <ClInclude Include="include\libavutil\stereo3d.h">
      <Filter>Header Files\libavutil</Filter>
    </ClInclude>
    <ClInclude Include="include\libavutil\tea.h">
      <Filter>Header Files\libavutil</Filter>
    </ClInclude>
    <ClInclude Include="include\libavutil\threadmessage.h">
      <Filter>Header Files\libavutil</Filter>
    </ClInclude>
    <ClInclude Include="include\libavutil\time.h">
      <Filter>Header Files\libavutil</Filter>
    </ClInclude>
    <ClInclude Include="include\libavutil\timecode.h">
      <Filter>Header Files\libavutil</Filter>
    </ClInclude>
    <ClInclude Include="include\libavutil\timestamp.h">
      <Filter>Header Files\libavutil</Filter>
    </ClInclude>
    <ClInclude Include="include\libavutil\tree.h">
      <Filter>Header Files\libavutil</Filter>
    </ClInclude>
    <ClInclude Include="include\libavutil\twofish.h">
      <Filter>Header Files\libavutil</Filter>
    </ClInclude>
    <ClInclude Include="include\libavutil\version.h">
      <Filter>Header Files\libavutil</Filter>
    </ClInclude>
    <ClInclude Include="include\libavutil\xtea.h">
      <Filter>Header Files\libavutil</Filter>
    </ClInclude>
    <ClInclude Include="include\w32thread.h">
      <Filter>Header Files</Filter>
    </ClInclude>
  </ItemGroup>
  <ItemGroup>
    <ResourceCompile Include="app.rc">
      <Filter>Resource Files</Filter>
    </ResourceCompile>
  </ItemGroup>
  <ItemGroup>
    <EmbeddedResource Include="Form1.resX">
      <Filter>Resource Files</Filter>
    </EmbeddedResource>
  </ItemGroup>
</Project>